
Microsoft Visual Studio Solution File, Format Version 12.00
# Visual Studio Version 16
VisualStudioVersion = 16.0.32413.511
MinimumVisualStudioVersion = 10.0.40219.1
Project("{FAE04EC0-301F-11D3-BF4B-00C04F79EFBC}") = "Biljka_nasljedivanje", "Biljka_nasljedivanje\Biljka_nasljedivanje.csproj", "{B3CFB007-81E7-4104-BEB7-17EA900BD80F}"
EndProject
Global
	GlobalSection(SolutionConfigurationPlatforms) = preSolution
		Debug|Any CPU = Debug|Any CPU
		Release|Any CPU = Release|Any CPU
	EndGlobalSection
	GlobalSection(ProjectConfigurationPlatforms) = postSolution
		{B3CFB007-81E7-4104-BEB7-17EA900BD80F}.Debug|Any CPU.ActiveCfg = Debug|Any CPU
		{B3CFB007-81E7-4104-BEB7-17EA900BD80F}.Debug|Any CPU.Build.0 = Debug|Any CPU
		{B3CFB007-81E7-4104-BEB7-17EA900BD80F}.Release|Any CPU.ActiveCfg = Release|Any CPU
		{B3CFB007-81E7-4104-BEB7-17EA900BD80F}.Release|Any CPU.Build.0 = Release|Any CPU
	EndGlobalSection
	GlobalSection(SolutionProperties) = preSolution
		HideSolutionNode = FALSE
	EndGlobalSection
	GlobalSection(ExtensibilityGlobals) = postSolution
		SolutionGuid = {0083D53B-2EA4-43E6-B89E-D9D8F6D48CB0}
	EndGlobalSection
EndGlobal
